
Microsoft Visual Studio Solution File, Format Version 12.00
# Visual Studio 15
VisualStudioVersion = 15.0.27703.2047
MinimumVisualStudioVersion = 10.0.40219.1
Project("{FAE04EC0-301F-11D3-BF4B-00C04F79EFBC}") = "FileArchiveClient", "FileArchiveClient\FileArchiveClient.csproj", "{87974F77-0E89-4D84-BA70-E998C71C3E55}"
EndProject
Global
	GlobalSection(SolutionConfigurationPlatforms) = preSolution
		Debug|Any CPU = Debug|Any CPU
		Release|Any CPU = Release|Any CPU
	EndGlobalSection
	GlobalSection(ProjectConfigurationPlatforms) = postSolution
		{87974F77-0E89-4D84-BA70-E998C71C3E55}.Debug|Any CPU.ActiveCfg = Debug|Any CPU
		{87974F77-0E89-4D84-BA70-E998C71C3E55}.Debug|Any CPU.Build.0 = Debug|Any CPU
		{87974F77-0E89-4D84-BA70-E998C71C3E55}.Release|Any CPU.ActiveCfg = Release|Any CPU
		{87974F77-0E89-4D84-BA70-E998C71C3E55}.Release|Any CPU.Build.0 = Release|Any CPU
	EndGlobalSection
	GlobalSection(SolutionProperties) = preSolution
		HideSolutionNode = FALSE
	EndGlobalSection
	GlobalSection(ExtensibilityGlobals) = postSolution
		SolutionGuid = {6A4C5C63-6F65-4432-BC18-9302A65A55E6}
	EndGlobalSection
EndGlobal
